// !$*UTF8*$!
{
	archiveVersion = 1;
	classes = {
	};
	objectVersion = 50;
	objects = {

/* Begin PBXBuildFile section */
		3E880F3E24E56F8C007F3B9F /* AppDelegate.swift in Sources */ = {isa = PBXBuildFile; fileRef = 3E880F3D24E56F8C007F3B9F /* AppDelegate.swift */; };
		3E880F4024E56F8C007F3B9F /* SceneDelegate.swift in Sources */ = {isa = PBXBuildFile; fileRef = 3E880F3F24E56F8C007F3B9F /* SceneDelegate.swift */; };
		3E880F4224E56F8C007F3B9F /* ViewController.swift in Sources */ = {isa = PBXBuildFile; fileRef = 3E880F4124E56F8C007F3B9F /* ViewController.swift */; };
		3E880F4524E56F8C007F3B9F /* Main.storyboard in Resources */ = {isa = PBXBuildFile; fileRef = 3E880F4324E56F8C007F3B9F /* Main.storyboard */; };
		3E880F4724E56F8D007F3B9F /* Assets.xcassets in Resources */ = {isa = PBXBuildFile; fileRef = 3E880F4624E56F8D007F3B9F /* Assets.xcassets */; };
		3E880F4A24E56F8D007F3B9F /* LaunchScreen.storyboard in Resources */ = {isa = PBXBuildFile; fileRef = 3E880F4824E56F8D007F3B9F /* LaunchScreen.storyboard */; };
		3E880F5324E570D6007F3B9F /* FaceView.swift in Sources */ = {isa = PBXBuildFile; fileRef = 3E880F5224E570D6007F3B9F /* FaceView.swift */; };
		3E880F5524E6C215007F3B9F /* FacialExpression.swift in Sources */ = {isa = PBXBuildFile; fileRef = 3E880F5424E6C215007F3B9F /* FacialExpression.swift */; };
/* End PBXBuildFile section */

/* Begin PBXFileReference section */
		3E880F3A24E56F8C007F3B9F /* FaceIt.app */ = {isa = PBXFileReference; explicitFileType = wrapper.application; includeInIndex = 0; path = FaceIt.app; sourceTree = BUILT_PRODUCTS_DIR; };
		3E880F3D24E56F8C007F3B9F /* AppDelegate.swift */ = {isa = PBXFileReference; lastKnownFileType = sourcecode.swift; path = AppDelegate.swift; sourceTree = "<group>"; };
		3E880F3F24E56F8C007F3B9F /* SceneDelegate.swift */ = {isa = PBXFileReference; lastKnownFileType = sourcecode.swift; path = SceneDelegate.swift; sourceTree = "<group>"; };
		3E880F4124E56F8C007F3B9F /* ViewController.swift */ = {isa = PBXFileReference; lastKnownFileType = sourcecode.swift; path = ViewController.swift; sourceTree = "<group>"; };
		3E880F4424E56F8C007F3B9F /* Base */ = {isa = PBXFileReference; lastKnownFileType = file.storyboard; name = Base; path = Base.lproj/Main.storyboard; sourceTree = "<group>"; };
		3E880F4624E56F8D007F3B9F /* Assets.xcassets */ = {isa = PBXFileReference; lastKnownFileType = folder.assetcatalog; path = Assets.xcassets; sourceTree = "<group>"; };
		3E880F4924E56F8D007F3B9F /* Base */ = {isa = PBXFileReference; lastKnownFileType = file.storyboard; name = Base; path = Base.lproj/LaunchScreen.storyboard; sourceTree = "<group>"; };
		3E880F4B24E56F8D007F3B9F /* Info.plist */ = {isa = PBXFileReference; lastKnownFileType = text.plist.xml; path = Info.plist; sourceTree = "<group>"; };
		3E880F5224E570D6007F3B9F /* FaceView.swift */ = {isa = PBXFileReference; lastKnownFileType = sourcecode.swift; path = FaceView.swift; sourceTree = "<group>"; };
		3E880F5424E6C215007F3B9F /* FacialExpression.swift */ = {isa = PBXFileReference; lastKnownFileType = sourcecode.swift; path = FacialExpression.swift; sourceTree = "<group>"; };
/* End PBXFileReference section */

/* Begin PBXFrameworksBuildPhase section */
		3E880F3724E56F8C007F3B9F /* Frameworks */ = {
			isa = PBXFrameworksBuildPhase;
			buildActionMask = 2147483647;
			files = (
			);
			runOnlyForDeploymentPostprocessing = 0;
		};
/* End PBXFrameworksBuildPhase section */

/* Begin PBXGroup section */
		3E880F3124E56F8C007F3B9F = {
			isa = PBXGroup;
			children = (
				3E880F3C24E56F8C007F3B9F /* FaceIt */,
				3E880F3B24E56F8C007F3B9F /* Products */,
			);
			sourceTree = "<group>";
		};
		3E880F3B24E56F8C007F3B9F /* Products */ = {
			isa = PBXGroup;
			children = (
				3E880F3A24E56F8C007F3B9F /* FaceIt.app */,
			);
			name = Products;
			sourceTree = "<group>";
		};
		3E880F3C24E56F8C007F3B9F /* FaceIt */ = {
			isa = PBXGroup;
			children = (
				3E880F3F24E56F8C007F3B9F /* SceneDelegate.swift */,
				3E880F5224E570D6007F3B9F /* FaceView.swift */,
				3E880F5424E6C215007F3B9F /* FacialExpression.swift */,
				3E880F4124E56F8C007F3B9F /* ViewController.swift */,
				3E880F4324E56F8C007F3B9F /* Main.storyboard */,
				3E880F5124E56FD0007F3B9F /* SupportingFiles */,
			);
			path = FaceIt;
			sourceTree = "<group>";
		};
		3E880F5124E56FD0007F3B9F /* SupportingFiles */ = {
			isa = PBXGroup;
			children = (
				3E880F3D24E56F8C007F3B9F /* AppDelegate.swift */,
				3E880F4624E56F8D007F3B9F /* Assets.xcassets */,
				3E880F4824E56F8D007F3B9F /* LaunchScreen.storyboard */,
				3E880F4B24E56F8D007F3B9F /* Info.plist */,
			);
			path = SupportingFiles;
			sourceTree = "<group>";
		};
/* End PBXGroup section */

/* Begin PBXNativeTarget section */
		3E880F3924E56F8C007F3B9F /* FaceIt */ = {
			isa = PBXNativeTarget;
			buildConfigurationList = 3E880F4E24E56F8D007F3B9F /* Build configuration list for PBXNativeTarget "FaceIt" */;
			buildPhases = (
				3E880F3624E56F8C007F3B9F /* Sources */,
				3E880F3724E56F8C007F3B9F /* Frameworks */,
				3E880F3824E56F8C007F3B9F /* Resources */,
			);
			buildRules = (
			);
			dependencies = (
			);
			name = FaceIt;
			productName = FaceIt;
			productReference = 3E880F3A24E56F8C007F3B9F /* FaceIt.app */;
			productType = "com.apple.product-type.application";
		};
/* End PBXNativeTarget section */

/* Begin PBXProject section */
		3E880F3224E56F8C007F3B9F /* Project object */ = {
			isa = PBXProject;
			attributes = {
				LastSwiftUpdateCheck = 1130;
				LastUpgradeCheck = 1130;
				ORGANIZATIONNAME = SKY.NET;
				TargetAttributes = {
					3E880F3924E56F8C007F3B9F = {
						CreatedOnToolsVersion = 11.3;
					};
				};
			};
			buildConfigurationList = 3E880F3524E56F8C007F3B9F /* Build configuration list for PBXProject "FaceIt" */;
			compatibilityVersion = "Xcode 9.3";
			developmentRegion = en;
			hasScannedForEncodings = 0;
			knownRegions = (
				en,
				Base,
			);
			mainGroup = 3E880F3124E56F8C007F3B9F;
			productRefGroup = 3E880F3B24E56F8C007F3B9F /* Products */;
			projectDirPath = "";
			projectRoot = "";
			targets = (
				3E880F3924E56F8C007F3B9F /* FaceIt */,
			);
		};
/* End PBXProject section */

/* Begin PBXResourcesBuildPhase section */
		3E880F3824E56F8C007F3B9F /* Resources */ = {
			isa = PBXResourcesBuildPhase;
			buildActionMask = 2147483647;
			files = (
				3E880F4A24E56F8D007F3B9F /* LaunchScreen.storyboard in Resources */,
				3E880F4724E56F8D007F3B9F /* Assets.xcassets in Resources */,
				3E880F4524E56F8C007F3B9F /* Main.storyboard in Resources */,
			);
			runOnlyForDeploymentPostprocessing = 0;
		};
/* End PBXResourcesBuildPhase section */

/* Begin PBXSourcesBuildPhase section */
		3E880F3624E56F8C007F3B9F /* Sources */ = {
			isa = PBXSourcesBuildPhase;
			buildActionMask = 2147483647;
			files = (
				3E880F4224E56F8C007F3B9F /* ViewController.swift in Sources */,
				3E880F3E24E56F8C007F3B9F /* AppDelegate.swift in Sources */,
				3E880F5524E6C215007F3B9F /* FacialExpression.swift in Sources */,
				3E880F4024E56F8C007F3B9F /* SceneDelegate.swift in Sources */,
				3E880F5324E570D6007F3B9F /* FaceView.swift in Sources */,
			);
			runOnlyForDeploymentPostprocessing = 0;
		};
/* End PBXSourcesBuildPhase section */

/* Begin PBXVariantGroup section */
		3E880F4324E56F8C007F3B9F /* Main.storyboard */ = {
			isa = PBXVariantGroup;
			children = (
				3E880F4424E56F8C007F3B9F /* Base */,
			);
			name = Main.storyboard;
			sourceTree = "<group>";
		};
		3E880F4824E56F8D007F3B9F /* LaunchScreen.storyboard */ = {
			isa = PBXVariantGroup;
			children = (
				3E880F4924E56F8D007F3B9F /* Base */,
			);
			name = LaunchScreen.storyboard;
			sourceTree = "<group>";
		};
/* End PBXVariantGroup section */

/* Begin XCBuildConfiguration section */
		3E880F4C24E56F8D007F3B9F /* Debug */ = {
			isa = XCBuildConfiguration;
			buildSettings = {
				ALWAYS_SEARCH_USER_PATHS = NO;
				CLANG_ANALYZER_NONNULL = YES;
				CLANG_ANALYZER_NUMBER_OBJECT_CONVERSION = YES_AGGRESSIVE;
				CLANG_CXX_LANGUAGE_STANDARD = "gnu++14";
				CLANG_CXX_LIBRARY = "libc++";
				CLANG_ENABLE_MODULES = YES;
				CLANG_ENABLE_OBJC_ARC = YES;
				CLANG_ENABLE_OBJC_WEAK = YES;
				CLANG_WARN_BLOCK_CAPTURE_AUTORELEASING = YES;
				CLANG_WARN_BOOL_CONVERSION = YES;
				CLANG_WARN_COMMA = YES;
				CLANG_WARN_CONSTANT_CONVERSION = YES;
				CLANG_WARN_DEPRECATED_OBJC_IMPLEMENTATIONS = YES;
				CLANG_WARN_DIRECT_OBJC_ISA_USAGE = YES_ERROR;
				CLANG_WARN_DOCUMENTATION_COMMENTS = YES;
				CLANG_WARN_EMPTY_BODY = YES;
				CLANG_WARN_ENUM_CONVERSION = YES;
				CLANG_WARN_INFINITE_RECURSION = YES;
				CLANG_WARN_INT_CONVERSION = YES;
				CLANG_WARN_NON_LITERAL_NULL_CONVERSION = YES;
				CLANG_WARN_OBJC_IMPLICIT_RETAIN_SELF = YES;
				CLANG_WARN_OBJC_LITERAL_CONVERSION = YES;
				CLANG_WARN_OBJC_ROOT_CLASS = YES_ERROR;
				CLANG_WARN_RANGE_LOOP_ANALYSIS = YES;
				CLANG_WARN_STRICT_PROTOTYPES = YES;
				CLANG_WARN_SUSPICIOUS_MOVE = YES;
				CLANG_WARN_UNGUARDED_AVAILABILITY = YES_AGGRESSIVE;
				CLANG_WARN_UNREACHABLE_CODE = YES;
				CLANG_WARN__DUPLICATE_METHOD_MATCH = YES;
				COPY_PHASE_STRIP = NO;
				DEBUG_INFORMATION_FORMAT = dwarf;
				ENABLE_STRICT_OBJC_MSGSEND = YES;
				ENABLE_TESTABILITY = YES;
				GCC_C_LANGUAGE_STANDARD = gnu11;
				GCC_DYNAMIC_NO_PIC = NO;
				GCC_NO_COMMON_BLOCKS = YES;
				GCC_OPTIMIZATION_LEVEL = 0;
				GCC_PREPROCESSOR_DEFINITIONS = (
					"DEBUG=1",
					"$(inherited)",
				);
				GCC_WARN_64_TO_32_BIT_CONVERSION = YES;
				GCC_WARN_ABOUT_RETURN_TYPE = YES_ERROR;
				GCC_WARN_UNDECLARED_SELECTOR = YES;
				GCC_WARN_UNINITIALIZED_AUTOS = YES_AGGRESSIVE;
				GCC_WARN_UNUSED_FUNCTION = YES;
				GCC_WARN_UNUSED_VARIABLE = YES;
				IPHONEOS_DEPLOYMENT_TARGET = 13.2;
				MTL_ENABLE_DEBUG_INFO = INCLUDE_SOURCE;
				MTL_FAST_MATH = YES;
				ONLY_ACTIVE_ARCH = YES;
				SDKROOT = iphoneos;
				SWIFT_ACTIVE_COMPILATION_CONDITIONS = DEBUG;
				SWIFT_OPTIMIZATION_LEVEL = "-Onone";
			};
			name = Debug;
		};
		3E880F4D24E56F8D007F3B9F /* Release */ = {
			isa = XCBuildConfiguration;
			buildSettings = {
				ALWAYS_SEARCH_USER_PATHS = NO;
				CLANG_ANALYZER_NONNULL = YES;
				CLANG_ANALYZER_NUMBER_OBJECT_CONVERSION = YES_AGGRESSIVE;
				CLANG_CXX_LANGUAGE_STANDARD = "gnu++14";
				CLANG_CXX_LIBRARY = "libc++";
				CLANG_ENABLE_MODULES = YES;
				CLANG_ENABLE_OBJC_ARC = YES;
				CLANG_ENABLE_OBJC_WEAK = YES;
				CLANG_WARN_BLOCK_CAPTURE_AUTORELEASING = YES;
				CLANG_WARN_BOOL_CONVERSION = YES;
				CLANG_WARN_COMMA = YES;
				CLANG_WARN_CONSTANT_CONVERSION = YES;
				CLANG_WARN_DEPRECATED_OBJC_IMPLEMENTATIONS = YES;
				CLANG_WARN_DIRECT_OBJC_ISA_USAGE = YES_ERROR;
				CLANG_WARN_DOCUMENTATION_COMMENTS = YES;
				CLANG_WARN_EMPTY_BODY = YES;
				CLANG_WARN_ENUM_CONVERSION = YES;
				CLANG_WARN_INFINITE_RECURSION = YES;
				CLANG_WARN_INT_CONVERSION = YES;
				CLANG_WARN_NON_LITERAL_NULL_CONVERSION = YES;
				CLANG_WARN_OBJC_IMPLICIT_RETAIN_SELF = YES;
				CLANG_WARN_OBJC_LITERAL_CONVERSION = YES;
				CLANG_WARN_OBJC_ROOT_CLASS = YES_ERROR;
				CLANG_WARN_RANGE_LOOP_ANALYSIS = YES;
				CLANG_WARN_STRICT_PROTOTYPES = YES;
				CLANG_WARN_SUSPICIOUS_MOVE = YES;
				CLANG_WARN_UNGUARDED_AVAILABILITY = YES_AGGRESSIVE;
				CLANG_WARN_UNREACHABLE_CODE = YES;
				CLANG_WARN__DUPLICATE_METHOD_MATCH = YES;
				COPY_PHASE_STRIP = NO;
				DEBUG_INFORMATION_FORMAT = "dwarf-with-dsym";
				ENABLE_NS_ASSERTIONS = NO;
				ENABLE_STRICT_OBJC_MSGSEND = YES;
				GCC_C_LANGUAGE_STANDARD = gnu11;
				GCC_NO_COMMON_BLOCKS = YES;
				GCC_WARN_64_TO_32_BIT_CONVERSION = YES;
				GCC_WARN_ABOUT_RETURN_TYPE = YES_ERROR;
				GCC_WARN_UNDECLARED_SELECTOR = YES;
				GCC_WARN_UNINITIALIZED_AUTOS = YES_AGGRESSIVE;
				GCC_WARN_UNUSED_FUNCTION = YES;
				GCC_WARN_UNUSED_VARIABLE = YES;
				IPHONEOS_DEPLOYMENT_TARGET = 13.2;
				MTL_ENABLE_DEBUG_INFO = NO;
				MTL_FAST_MATH = YES;
				SDKROOT = iphoneos;
				SWIFT_COMPILATION_MODE = wholemodule;
				SWIFT_OPTIMIZATION_LEVEL = "-O";
				VALIDATE_PRODUCT = YES;
			};
			name = Release;
		};
		3E880F4F24E56F8D007F3B9F /* Debug */ = {
			isa = XCBuildConfiguration;
			buildSettings = {
				ASSETCATALOG_COMPILER_APPICON_NAME = AppIcon;
				CODE_SIGN_STYLE = Automatic;
				DEVELOPMENT_TEAM = SD7523XC4W;
				INFOPLIST_FILE = FaceIt/SupportingFiles/Info.plist;
				LD_RUNPATH_SEARCH_PATHS = (
					"$(inherited)",
					"@executable_path/Frameworks",
				);
				PRODUCT_BUNDLE_IDENTIFIER = net.sky.FaceIt;
				PRODUCT_NAME = "$(TARGET_NAME)";
				SWIFT_VERSION = 5.0;
				TARGETED_DEVICE_FAMILY = "1,2";
			};
			name = Debug;
		};
		3E880F5024E56F8D007F3B9F /* Release */ = {
			isa = XCBuildConfiguration;
			buildSettings = {
				ASSETCATALOG_COMPILER_APPICON_NAME = AppIcon;
				CODE_SIGN_STYLE = Automatic;
				DEVELOPMENT_TEAM = SD7523XC4W;
				INFOPLIST_FILE = FaceIt/SupportingFiles/Info.plist;
				LD_RUNPATH_SEARCH_PATHS = (
					"$(inherited)",
					"@executable_path/Frameworks",
				);
				PRODUCT_BUNDLE_IDENTIFIER = net.sky.FaceIt;
				PRODUCT_NAME = "$(TARGET_NAME)";
				SWIFT_VERSION = 5.0;
				TARGETED_DEVICE_FAMILY = "1,2";
			};
			name = Release;
		};
/* End XCBuildConfiguration section */

/* Begin XCConfigurationList section */
		3E880F3524E56F8C007F3B9F /* Build configuration list for PBXProject "FaceIt" */ = {
			isa = XCConfigurationList;
			buildConfigurations = (
				3E880F4C24E56F8D007F3B9F /* Debug */,
				3E880F4D24E56F8D007F3B9F /* Release */,
			);
			defaultConfigurationIsVisible = 0;
			defaultConfigurationName = Release;
		};
		3E880F4E24E56F8D007F3B9F /* Build configuration list for PBXNativeTarget "FaceIt" */ = {
			isa = XCConfigurationList;
			buildConfigurations = (
				3E880F4F24E56F8D007F3B9F /* Debug */,
				3E880F5024E56F8D007F3B9F /* Release */,
			);
			defaultConfigurationIsVisible = 0;
			defaultConfigurationName = Release;
		};
/* End XCConfigurationList section */
	};
	rootObject = 3E880F3224E56F8C007F3B9F /* Project object */;
}
